PODS:
  - AppAuth (1.4.0):
    - AppAuth/Core (= 1.4.0)
    - AppAuth/ExternalUserAgent (= 1.4.0)
  - AppAuth/Core (1.4.0)
  - AppAuth/ExternalUserAgent (1.4.0)
  - boost-for-react-native (1.63.0)
  - DoubleConversion (1.1.6)
  - Firebase/Analytics (6.26.0):
    - Firebase/Core
  - Firebase/Core (6.26.0):
    - Firebase/CoreOnly
    - FirebaseAnalytics (= 6.6.0)
  - Firebase/CoreOnly (6.26.0):
    - FirebaseCore (= 6.7.2)
  - FirebaseAnalytics (6.6.0):
    - FirebaseCore (~> 6.7)
    - FirebaseInstallations (~> 1.3)
    - GoogleAppMeasurement (= 6.6.0)
    - GoogleUtilities/AppDelegateSwizzler (~> 6.0)
    - GoogleUtilities/MethodSwizzler (~> 6.0)
    - GoogleUtilities/Network (~> 6.0)
    - "GoogleUtilities/NSData+zlib (~> 6.0)"
    - nanopb (~> 1.30905.0)
  - FirebaseCore (6.7.2):
    - FirebaseCoreDiagnostics (~> 1.3)
    - FirebaseCoreDiagnosticsInterop (~> 1.2)
    - GoogleUtilities/Environment (~> 6.5)
    - GoogleUtilities/Logger (~> 6.5)
  - FirebaseCoreDiagnostics (1.3.0):
    - FirebaseCoreDiagnosticsInterop (~> 1.2)
    - GoogleDataTransportCCTSupport (~> 3.1)
    - GoogleUtilities/Environment (~> 6.5)
    - GoogleUtilities/Logger (~> 6.5)
    - nanopb (~> 1.30905.0)
  - FirebaseCoreDiagnosticsInterop (1.2.0)
  - FirebaseInstallations (1.3.0):
    - FirebaseCore (~> 6.6)
    - GoogleUtilities/Environment (~> 6.6)
    - GoogleUtilities/UserDefaults (~> 6.6)
    - PromisesObjC (~> 1.2)
  - Folly (2018.10.22.00):
    - boost-for-react-native
    - DoubleConversion
    - Folly/Default (= 2018.10.22.00)
    - glog
  - Folly/Default (2018.10.22.00):
    - boost-for-react-native
    - DoubleConversion
    - glog
  - glog (0.3.5)
  - Google-Maps-iOS-Utils (3.1.4):
    - Google-Maps-iOS-Utils/Clustering (= 3.1.4)
    - Google-Maps-iOS-Utils/Geometry (= 3.1.4)
    - Google-Maps-iOS-Utils/Heatmap (= 3.1.4)
    - Google-Maps-iOS-Utils/QuadTree (= 3.1.4)
    - GoogleMaps
  - Google-Maps-iOS-Utils/Clustering (3.1.4):
    - Google-Maps-iOS-Utils/QuadTree
    - GoogleMaps
  - Google-Maps-iOS-Utils/Geometry (3.1.4):
    - GoogleMaps
  - Google-Maps-iOS-Utils/Heatmap (3.1.4):
    - Google-Maps-iOS-Utils/QuadTree
    - GoogleMaps
  - Google-Maps-iOS-Utils/QuadTree (3.1.4):
    - GoogleMaps
  - GoogleAppMeasurement (6.6.0):
    - GoogleUtilities/AppDelegateSwizzler (~> 6.0)
    - GoogleUtilities/MethodSwizzler (~> 6.0)
    - GoogleUtilities/Network (~> 6.0)
    - "GoogleUtilities/NSData+zlib (~> 6.0)"
    - nanopb (~> 1.30905.0)
  - GoogleDataTransport (6.2.1)
  - GoogleDataTransportCCTSupport (3.1.0):
    - GoogleDataTransport (~> 6.1)
    - nanopb (~> 1.30905.0)
  - GoogleMaps (3.9.0):
    - GoogleMaps/Maps (= 3.9.0)
  - GoogleMaps/Base (3.9.0)
  - GoogleMaps/Maps (3.9.0):
    - GoogleMaps/Base
  - GoogleSignIn (5.0.2):
    - AppAuth (~> 1.2)
    - GTMAppAuth (~> 1.0)
    - GTMSessionFetcher/Core (~> 1.1)
  - GoogleUtilities/AppDelegateSwizzler (6.6.0):
    - GoogleUtilities/Environment
    - GoogleUtilities/Logger
    - GoogleUtilities/Network
  - GoogleUtilities/Environment (6.6.0):
    - PromisesObjC (~> 1.2)
  - GoogleUtilities/Logger (6.6.0):
    - GoogleUtilities/Environment
  - GoogleUtilities/MethodSwizzler (6.6.0):
    - GoogleUtilities/Logger
  - GoogleUtilities/Network (6.6.0):
    - GoogleUtilities/Logger
    - "GoogleUtilities/NSData+zlib"
    - GoogleUtilities/Reachability
  - "GoogleUtilities/NSData+zlib (6.6.0)"
  - GoogleUtilities/Reachability (6.6.0):
    - GoogleUtilities/Logger
  - GoogleUtilities/UserDefaults (6.6.0):
    - GoogleUtilities/Logger
  - GTMAppAuth (1.0.0):
    - AppAuth/Core (~> 1.0)
    - GTMSessionFetcher (~> 1.1)
  - GTMSessionFetcher (1.4.0):
    - GTMSessionFetcher/Full (= 1.4.0)
  - GTMSessionFetcher/Core (1.4.0)
  - GTMSessionFetcher/Full (1.4.0):
    - GTMSessionFetcher/Core (= 1.4.0)
  - nanopb (1.30905.0):
    - nanopb/decode (= 1.30905.0)
    - nanopb/encode (= 1.30905.0)
  - nanopb/decode (1.30905.0)
  - nanopb/encode (1.30905.0)
  - Permission-Camera (2.1.5):
    - RNPermissions
  - Permission-Microphone (2.1.5):
    - RNPermissions
  - PromisesObjC (1.2.9)
  - React (0.60.5):
    - React-Core (= 0.60.5)
    - React-DevSupport (= 0.60.5)
    - React-RCTActionSheet (= 0.60.5)
    - React-RCTAnimation (= 0.60.5)
    - React-RCTBlob (= 0.60.5)
    - React-RCTImage (= 0.60.5)
    - React-RCTLinking (= 0.60.5)
    - React-RCTNetwork (= 0.60.5)
    - React-RCTSettings (= 0.60.5)
    - React-RCTText (= 0.60.5)
    - React-RCTVibration (= 0.60.5)
    - React-RCTWebSocket (= 0.60.5)
  - React-Core (0.60.5):
    - Folly (= 2018.10.22.00)
    - React-cxxreact (= 0.60.5)
    - React-jsiexecutor (= 0.60.5)
    - yoga (= 0.60.5.React)
  - React-cxxreact (0.60.5):
    - boost-for-react-native (= 1.63.0)
    - DoubleConversion
    - Folly (= 2018.10.22.00)
    - glog
    - React-jsinspector (= 0.60.5)
  - React-DevSupport (0.60.5):
    - React-Core (= 0.60.5)
    - React-RCTWebSocket (= 0.60.5)
  - React-jsi (0.60.5):
    - boost-for-react-native (= 1.63.0)
    - DoubleConversion
    - Folly (= 2018.10.22.00)
    - glog
    - React-jsi/Default (= 0.60.5)
  - React-jsi/Default (0.60.5):
    - boost-for-react-native (= 1.63.0)
    - DoubleConversion
    - Folly (= 2018.10.22.00)
    - glog
  - React-jsiexecutor (0.60.5):
    - DoubleConversion
    - Folly (= 2018.10.22.00)
    - glog
    - React-cxxreact (= 0.60.5)
    - React-jsi (= 0.60.5)
  - React-jsinspector (0.60.5)
  - react-native-camera (3.4.0):
    - React
    - react-native-camera/RCT (= 3.4.0)
    - react-native-camera/RN (= 3.4.0)
  - react-native-camera/RCT (3.4.0):
    - React
  - react-native-camera/RN (3.4.0):
    - React
  - react-native-cookies (3.0.0):
    - React
  - react-native-document-picker (3.5.3):
    - React
  - react-native-fetch-blob (0.10.6):
    - React-Core
  - react-native-image-picker (1.1.0):
    - React
  - react-native-mov-to-mp4 (0.2.2):
    - React
  - react-native-simple-toast (1.1.2):
    - React
    - Toast (~> 4.0.0)
  - react-native-splash-screen (3.2.0):
    - React
  - react-native-video (4.4.5):
    - React
    - react-native-video/Video (= 4.4.5)
  - react-native-video/Video (4.4.5):
    - React
  - react-native-webview (10.3.1):
    - React
  - React-RCTActionSheet (0.60.5):
    - React-Core (= 0.60.5)
  - React-RCTAnimation (0.60.5):
    - React-Core (= 0.60.5)
  - React-RCTBlob (0.60.5):
    - React-Core (= 0.60.5)
    - React-RCTNetwork (= 0.60.5)
    - React-RCTWebSocket (= 0.60.5)
  - React-RCTImage (0.60.5):
    - React-Core (= 0.60.5)
    - React-RCTNetwork (= 0.60.5)
  - React-RCTLinking (0.60.5):
    - React-Core (= 0.60.5)
  - React-RCTNetwork (0.60.5):
    - React-Core (= 0.60.5)
  - React-RCTSettings (0.60.5):
    - React-Core (= 0.60.5)
  - React-RCTText (0.60.5):
    - React-Core (= 0.60.5)
  - React-RCTVibration (0.60.5):
    - React-Core (= 0.60.5)
  - React-RCTWebSocket (0.60.5):
    - React-Core (= 0.60.5)
  - RNAudioRecord (0.2.2):
    - React
  - RNCAsyncStorage (1.11.0):
    - React
  - RNGestureHandler (1.5.3):
    - React
  - RNGoogleSignin (4.0.3):
    - GoogleSignIn (~> 5.0.0)
    - React
  - RNPermissions (2.1.5):
    - React
  - RNReanimated (1.2.0):
    - React
  - RNScreens (1.0.0-alpha.22):
    - React
  - RNSoundRecorder (1.3.6):
    - React
  - RNSVG (9.13.6):
    - React
  - RNVectorIcons (6.6.0):
    - React
  - Toast (4.0.0)
  - yoga (0.60.5.React)

DEPENDENCIES:
  - DoubleConversion (from `../node_modules/react-native/third-party-podspecs/DoubleConversion.podspec`)
  - Firebase/Analytics
  - Folly (from `../node_modules/react-native/third-party-podspecs/Folly.podspec`)
  - glog (from `../node_modules/react-native/third-party-podspecs/glog.podspec`)
  - Google-Maps-iOS-Utils
  - GoogleMaps
  - GoogleSignIn (~> 5.0.2)
  - Permission-Camera (from `../node_modules/react-native-permissions/ios/Camera.podspec`)
  - Permission-Microphone (from `../node_modules/react-native-permissions/ios/Microphone.podspec`)
  - React (from `../node_modules/react-native/`)
  - React-Core (from `../node_modules/react-native/React`)
  - React-cxxreact (from `../node_modules/react-native/ReactCommon/cxxreact`)
  - React-DevSupport (from `../node_modules/react-native/React`)
  - React-jsi (from `../node_modules/react-native/ReactCommon/jsi`)
  - React-jsiexecutor (from `../node_modules/react-native/ReactCommon/jsiexecutor`)
  - React-jsinspector (from `../node_modules/react-native/ReactCommon/jsinspector`)
  - react-native-camera (from `../node_modules/react-native-camera`)
  - "react-native-cookies (from `../node_modules/@react-native-community/cookies`)"
  - react-native-document-picker (from `../node_modules/react-native-document-picker`)
  - react-native-fetch-blob (from `../node_modules/react-native-fetch-blob`)
  - react-native-image-picker (from `../node_modules/react-native-image-picker`)
  - react-native-mov-to-mp4 (from `../node_modules/react-native-mov-to-mp4`)
  - react-native-simple-toast (from `../node_modules/react-native-simple-toast`)
  - react-native-splash-screen (from `../node_modules/react-native-splash-screen`)
  - react-native-video (from `../node_modules/react-native-video`)
  - react-native-webview (from `../node_modules/react-native-webview`)
  - React-RCTActionSheet (from `../node_modules/react-native/Libraries/ActionSheetIOS`)
  - React-RCTAnimation (from `../node_modules/react-native/Libraries/NativeAnimation`)
  - React-RCTBlob (from `../node_modules/react-native/Libraries/Blob`)
  - React-RCTImage (from `../node_modules/react-native/Libraries/Image`)
  - React-RCTLinking (from `../node_modules/react-native/Libraries/LinkingIOS`)
  - React-RCTNetwork (from `../node_modules/react-native/Libraries/Network`)
  - React-RCTSettings (from `../node_modules/react-native/Libraries/Settings`)
  - React-RCTText (from `../node_modules/react-native/Libraries/Text`)
  - React-RCTVibration (from `../node_modules/react-native/Libraries/Vibration`)
  - React-RCTWebSocket (from `../node_modules/react-native/Libraries/WebSocket`)
  - RNAudioRecord (from `../node_modules/react-native-audio-record`)
  - "RNCAsyncStorage (from `../node_modules/@react-native-community/async-storage`)"
  - RNGestureHandler (from `../node_modules/react-native-gesture-handler`)
  - "RNGoogleSignin (from `../node_modules/@react-native-community/google-signin`)"
  - RNPermissions (from `../node_modules/react-native-permissions`)
  - RNReanimated (from `../node_modules/react-native-reanimated`)
  - RNScreens (from `../node_modules/react-native-screens`)
  - RNSoundRecorder (from `../node_modules/react-native-sound-recorder`)
  - RNSVG (from `../node_modules/react-native-svg`)
  - RNVectorIcons (from `../node_modules/react-native-vector-icons`)
  - yoga (from `../node_modules/react-native/ReactCommon/yoga`)

SPEC REPOS:
  https://cdn.cocoapods.org/:
    - AppAuth
    - boost-for-react-native
    - Firebase
    - FirebaseAnalytics
    - FirebaseCore
    - FirebaseCoreDiagnostics
    - FirebaseCoreDiagnosticsInterop
    - FirebaseInstallations
    - GoogleAppMeasurement
    - GoogleDataTransport
    - GoogleDataTransportCCTSupport
    - GoogleSignIn
    - GoogleUtilities
    - GTMAppAuth
    - GTMSessionFetcher
    - nanopb
    - PromisesObjC
  https://github.com/cocoapods/specs.git:
    - Google-Maps-iOS-Utils
    - GoogleMaps
    - Toast

EXTERNAL SOURCES:
  DoubleConversion:
    :podspec: "../node_modules/react-native/third-party-podspecs/DoubleConversion.podspec"
  Folly:
    :podspec: "../node_modules/react-native/third-party-podspecs/Folly.podspec"
  glog:
    :podspec: "../node_modules/react-native/third-party-podspecs/glog.podspec"
  Permission-Camera:
    :path: "../node_modules/react-native-permissions/ios/Camera.podspec"
  Permission-Microphone:
    :path: "../node_modules/react-native-permissions/ios/Microphone.podspec"
  React:
    :path: "../node_modules/react-native/"
  React-Core:
    :path: "../node_modules/react-native/React"
  React-cxxreact:
    :path: "../node_modules/react-native/ReactCommon/cxxreact"
  React-DevSupport:
    :path: "../node_modules/react-native/React"
  React-jsi:
    :path: "../node_modules/react-native/ReactCommon/jsi"
  React-jsiexecutor:
    :path: "../node_modules/react-native/ReactCommon/jsiexecutor"
  React-jsinspector:
    :path: "../node_modules/react-native/ReactCommon/jsinspector"
  react-native-camera:
    :path: "../node_modules/react-native-camera"
  react-native-cookies:
    :path: "../node_modules/@react-native-community/cookies"
  react-native-document-picker:
    :path: "../node_modules/react-native-document-picker"
  react-native-fetch-blob:
    :path: "../node_modules/react-native-fetch-blob"
  react-native-image-picker:
    :path: "../node_modules/react-native-image-picker"
  react-native-mov-to-mp4:
    :path: "../node_modules/react-native-mov-to-mp4"
  react-native-simple-toast:
    :path: "../node_modules/react-native-simple-toast"
  react-native-splash-screen:
    :path: "../node_modules/react-native-splash-screen"
  react-native-video:
    :path: "../node_modules/react-native-video"
  react-native-webview:
    :path: "../node_modules/react-native-webview"
  React-RCTActionSheet:
    :path: "../node_modules/react-native/Libraries/ActionSheetIOS"
  React-RCTAnimation:
    :path: "../node_modules/react-native/Libraries/NativeAnimation"
  React-RCTBlob:
    :path: "../node_modules/react-native/Libraries/Blob"
  React-RCTImage:
    :path: "../node_modules/react-native/Libraries/Image"
  React-RCTLinking:
    :path: "../node_modules/react-native/Libraries/LinkingIOS"
  React-RCTNetwork:
    :path: "../node_modules/react-native/Libraries/Network"
  React-RCTSettings:
    :path: "../node_modules/react-native/Libraries/Settings"
  React-RCTText:
    :path: "../node_modules/react-native/Libraries/Text"
  React-RCTVibration:
    :path: "../node_modules/react-native/Libraries/Vibration"
  React-RCTWebSocket:
    :path: "../node_modules/react-native/Libraries/WebSocket"
  RNAudioRecord:
    :path: "../node_modules/react-native-audio-record"
  RNCAsyncStorage:
    :path: "../node_modules/@react-native-community/async-storage"
  RNGestureHandler:
    :path: "../node_modules/react-native-gesture-handler"
  RNGoogleSignin:
    :path: "../node_modules/@react-native-community/google-signin"
  RNPermissions:
    :path: "../node_modules/react-native-permissions"
  RNReanimated:
    :path: "../node_modules/react-native-reanimated"
  RNScreens:
    :path: "../node_modules/react-native-screens"
  RNSoundRecorder:
    :path: "../node_modules/react-native-sound-recorder"
  RNSVG:
    :path: "../node_modules/react-native-svg"
  RNVectorIcons:
    :path: "../node_modules/react-native-vector-icons"
  yoga:
    :path: "../node_modules/react-native/ReactCommon/yoga"

SPEC CHECKSUMS:
  AppAuth: 31bcec809a638d7bd2f86ea8a52bd45f6e81e7c7
  boost-for-react-native: 39c7adb57c4e60d6c5479dd8623128eb5b3f0f2c
  DoubleConversion: 5805e889d232975c086db112ece9ed034df7a0b2
  Firebase: 7cf5f9c67f03cb3b606d1d6535286e1080e57eb6
  FirebaseAnalytics: 96634d356482d4f3af8fe459a0ebf19a99c71b75
  FirebaseCore: f42e5e5f382cdcf6b617ed737bf6c871a6947b17
  FirebaseCoreDiagnostics: 4a773a47bd83bbd5a9b1ccf1ce7caa8b2d535e67
  FirebaseCoreDiagnosticsInterop: 296e2c5f5314500a850ad0b83e9e7c10b011a850
  FirebaseInstallations: 6f5f680e65dc374397a483c32d1799ba822a395b
  Folly: 30e7936e1c45c08d884aa59369ed951a8e68cf51
  glog: 1f3da668190260b06b429bb211bfbee5cd790c28
  Google-Maps-iOS-Utils: 1e51ca272b4f4befdf3577bf46f58c22ef22062c
  GoogleAppMeasurement: 67458367830514fb20fd9e233496f1eef9d90185
  GoogleDataTransport: 9a8a16f79feffc7f42096743de2a7c4815e84020
  GoogleDataTransportCCTSupport: d70a561f7d236af529fee598835caad5e25f6d3d
  GoogleMaps: 4b5346bddfe6911bb89155d43c903020170523ac
  GoogleSignIn: 7137d297ddc022a7e0aa4619c86d72c909fa7213
  GoogleUtilities: 39530bc0ad980530298e9c4af8549e991fd033b1
  GTMAppAuth: 4deac854479704f348309e7b66189e604cf5e01e
  GTMSessionFetcher: 6f5c8abbab8a9bce4bb3f057e317728ec6182b10
  nanopb: c43f40fadfe79e8b8db116583945847910cbabc9
  Permission-Camera: 53d46bd722aea28d796e20f05fb3cbe6cde6ccb6
  Permission-Microphone: af45e35013788b52eecf3cd8f13185c4b6f7bff7
  PromisesObjC: b48e0338dbbac2207e611750777895f7a5811b75
  React: 53c53c4d99097af47cf60594b8706b4e3321e722
  React-Core: ba421f6b4f4cbe2fb17c0b6fc675f87622e78a64
  React-cxxreact: 8384287780c4999351ad9b6e7a149d9ed10a2395
  React-DevSupport: 197fb409737cff2c4f9986e77c220d7452cb9f9f
  React-jsi: 4d8c9efb6312a9725b18d6fc818ffc103f60fec2
  React-jsiexecutor: 90ad2f9db09513fc763bc757fdc3c4ff8bde2a30
  React-jsinspector: e08662d1bf5b129a3d556eb9ea343a3f40353ae4
  react-native-camera: 203091b4bf99d48b788a0682ad573e8718724893
  react-native-cookies: 6fe6a70d3b2fd8e81ddcd94d60a87727010d9b2e
  react-native-document-picker: b1b4a52c0051e10642c54cfc10933759e8ccdda4
  react-native-fetch-blob: 0cbdf9764c75d9438c162427395f4bc35a857d5a
  react-native-image-picker: 3637d63fef7e32a230141ab4660d3ceb773c824f
  react-native-mov-to-mp4: b63917cb6f96d4c264d8f5213db7961442dd4298
  react-native-simple-toast: a3a8e9033a549c11741debe875e54698cc4c0dd7
  react-native-splash-screen: 200d11d188e2e78cea3ad319964f6142b6384865
  react-native-video: aa527b0acb37f94c4491e70df0274cb26979405d
  react-native-webview: 938d49de66f0d5c95134f19682243cbe53294f51
  React-RCTActionSheet: b0f1ea83f4bf75fb966eae9bfc47b78c8d3efd90
  React-RCTAnimation: 359ba1b5690b1e87cc173558a78e82d35919333e
  React-RCTBlob: 5e2b55f76e9a1c7ae52b826923502ddc3238df24
  React-RCTImage: f5f1c50922164e89bdda67bcd0153952a5cfe719
  React-RCTLinking: d0ecbd791e9ddddc41fa1f66b0255de90e8ee1e9
  React-RCTNetwork: e26946300b0ab7bb6c4a6348090e93fa21f33a9d
  React-RCTSettings: d0d37cb521b7470c998595a44f05847777cc3f42
  React-RCTText: b074d89033583d4f2eb5faf7ea2db3a13c7553a2
  React-RCTVibration: 2105b2e0e2b66a6408fc69a46c8a7fb5b2fdade0
  React-RCTWebSocket: cd932a16b7214898b6b7f788c8bddb3637246ac4
  RNAudioRecord: f38c2caac4bbbc34f24563869745110970f1dfe3
  RNCAsyncStorage: db711e29e5e0500d9bd21aa0c2e397efa45302b1
  RNGestureHandler: 02905abe54e1f6e59c081a10b4bd689721e17aa6
  RNGoogleSignin: ccf71ee4b6cfd324fd788a41e457e2043838c0d9
  RNPermissions: 1888705aebcc81714efa5dbff94351e4388ae012
  RNReanimated: 1b52415c4302f198cb581282a0166690bad62c43
  RNScreens: 720a9e6968beb73e8196239801e887d8401f86ed
  RNSoundRecorder: 92947251b236a463a6aa60b0676c3690c453d4ef
  RNSVG: 8ba35cbeb385a52fd960fd28db9d7d18b4c2974f
  RNVectorIcons: 0bb4def82230be1333ddaeee9fcba45f0b288ed4
  Toast: 91b396c56ee72a5790816f40d3a94dd357abc196
  yoga: 312528f5bbbba37b4dcea5ef00e8b4033fdd9411

PODFILE CHECKSUM: d858098d5fc9a1bc2ebb97398455b9d6e1875cb2

COCOAPODS: 1.7.5
